{
  "name": "TREM-Extension",
  "lockfileVersion": 3,
  "requires": true,
  "packages": {
    "": {
      "dependencies": {
        "eslint-plugin-require-sort": "^1.3.0"
      }
    },
    "node_modules/eslint-plugin-require-sort": {
      "version": "1.3.0",
      "resolved": "https://registry.npmjs.org/eslint-plugin-require-sort/-/eslint-plugin-require-sort-1.3.0.tgz",
      "integrity": "sha512-uGyXChANR0kO9SWqZDrZquyVfYQCydovKGjM7zCo+rZE2l3eoWXkNDVZC4JaHYANJ9m5fJ5QE/5kcWHGJLofSQ=="
    }
  }
}
